// !$*UTF8*$!
{
	archiveVersion = 1;
	classes = {
	};
	objectVersion = 50;
	objects = {

/* Begin PBXBuildFile section */
		DD559CE02322186C00739E3A /* AppDelegate.swift in Sources */ = {isa = PBXBuildFile; fileRef = DD559CDF2322186C00739E3A /* AppDelegate.swift */; };
		DD559CE52322186C00739E3A /* Main.storyboard in Resources */ = {isa = PBXBuildFile; fileRef = DD559CE32322186C00739E3A /* Main.storyboard */; };
		DD559CE72322186E00739E3A /* Assets.xcassets in Resources */ = {isa = PBXBuildFile; fileRef = DD559CE62322186E00739E3A /* Assets.xcassets */; };
		DD559CEA2322186E00739E3A /* LaunchScreen.storyboard in Resources */ = {isa = PBXBuildFile; fileRef = DD559CE82322186E00739E3A /* LaunchScreen.storyboard */; };
		DD559CF423221B6B00739E3A /* UsersTableViewController.swift in Sources */ = {isa = PBXBuildFile; fileRef = DD559CF323221B6B00739E3A /* UsersTableViewController.swift */; };
		DD559CF623221B8200739E3A /* UserDetailViewController.swift in Sources */ = {isa = PBXBuildFile; fileRef = DD559CF523221B8200739E3A /* UserDetailViewController.swift */; };
		DD559CF92322338700739E3A /* User.swift in Sources */ = {isa = PBXBuildFile; fileRef = DD559CF82322338700739E3A /* User.swift */; };
		DD559CFC232279EE00739E3A /* APIController.swift in Sources */ = {isa = PBXBuildFile; fileRef = DD559CFB232279EE00739E3A /* APIController.swift */; };
/* End PBXBuildFile section */

/* Begin PBXFileReference section */
		DD559CDC2322186C00739E3A /* RandomUsers.app */ = {isa = PBXFileReference; explicitFileType = wrapper.application; includeInIndex = 0; path = RandomUsers.app; sourceTree = BUILT_PRODUCTS_DIR; };
		DD559CDF2322186C00739E3A /* AppDelegate.swift */ = {isa = PBXFileReference; lastKnownFileType = sourcecode.swift; path = AppDelegate.swift; sourceTree = "<group>"; };
		DD559CE42322186C00739E3A /* Base */ = {isa = PBXFileReference; lastKnownFileType = file.storyboard; name = Base; path = Base.lproj/Main.storyboard; sourceTree = "<group>"; };
		DD559CE62322186E00739E3A /* Assets.xcassets */ = {isa = PBXFileReference; lastKnownFileType = folder.assetcatalog; path = Assets.xcassets; sourceTree = "<group>"; };
		DD559CE92322186E00739E3A /* Base */ = {isa = PBXFileReference; lastKnownFileType = file.storyboard; name = Base; path = Base.lproj/LaunchScreen.storyboard; sourceTree = "<group>"; };
		DD559CEB2322186E00739E3A /* Info.plist */ = {isa = PBXFileReference; lastKnownFileType = text.plist.xml; path = Info.plist; sourceTree = "<group>"; };
		DD559CF323221B6B00739E3A /* UsersTableViewController.swift */ = {isa = PBXFileReference; lastKnownFileType = sourcecode.swift; path = UsersTableViewController.swift; sourceTree = "<group>"; };
		DD559CF523221B8200739E3A /* UserDetailViewController.swift */ = {isa = PBXFileReference; lastKnownFileType = sourcecode.swift; path = UserDetailViewController.swift; sourceTree = "<group>"; };
		DD559CF82322338700739E3A /* User.swift */ = {isa = PBXFileReference; lastKnownFileType = sourcecode.swift; path = User.swift; sourceTree = "<group>"; };
		DD559CFB232279EE00739E3A /* APIController.swift */ = {isa = PBXFileReference; lastKnownFileType = sourcecode.swift; path = APIController.swift; sourceTree = "<group>"; };
/* End PBXFileReference section */

/* Begin PBXFrameworksBuildPhase section */
		DD559CD92322186C00739E3A /* Frameworks */ = {
			isa = PBXFrameworksBuildPhase;
			buildActionMask = 2147483647;
			files = (
			);
			runOnlyForDeploymentPostprocessing = 0;
		};
/* End PBXFrameworksBuildPhase section */

/* Begin PBXGroup section */
		DD559CD32322186C00739E3A = {
			isa = PBXGroup;
			children = (
				DD559CDE2322186C00739E3A /* RandomUsers */,
				DD559CDD2322186C00739E3A /* Products */,
			);
			sourceTree = "<group>";
		};
		DD559CDD2322186C00739E3A /* Products */ = {
			isa = PBXGroup;
			children = (
				DD559CDC2322186C00739E3A /* RandomUsers.app */,
			);
			name = Products;
			sourceTree = "<group>";
		};
		DD559CDE2322186C00739E3A /* RandomUsers */ = {
			isa = PBXGroup;
			children = (
				DD559CF123221A3B00739E3A /* Storyboards */,
				DD559CF223221A6E00739E3A /* Resources */,
				DD559CF7232232D100739E3A /* View Controllers */,
				DD559CFA232233A300739E3A /* Model */,
				DD559CFD2322815500739E3A /* Model Controller */,
			);
			path = RandomUsers;
			sourceTree = "<group>";
		};
		DD559CF123221A3B00739E3A /* Storyboards */ = {
			isa = PBXGroup;
			children = (
				DD559CE32322186C00739E3A /* Main.storyboard */,
				DD559CE82322186E00739E3A /* LaunchScreen.storyboard */,
			);
			path = Storyboards;
			sourceTree = "<group>";
		};
		DD559CF223221A6E00739E3A /* Resources */ = {
			isa = PBXGroup;
			children = (
				DD559CDF2322186C00739E3A /* AppDelegate.swift */,
				DD559CE62322186E00739E3A /* Assets.xcassets */,
				DD559CEB2322186E00739E3A /* Info.plist */,
			);
			path = Resources;
			sourceTree = "<group>";
		};
		DD559CF7232232D100739E3A /* View Controllers */ = {
			isa = PBXGroup;
			children = (
				DD559CF323221B6B00739E3A /* UsersTableViewController.swift */,
				DD559CF523221B8200739E3A /* UserDetailViewController.swift */,
			);
			path = "View Controllers";
			sourceTree = "<group>";
		};
		DD559CFA232233A300739E3A /* Model */ = {
			isa = PBXGroup;
			children = (
				DD559CF82322338700739E3A /* User.swift */,
			);
			path = Model;
			sourceTree = "<group>";
		};
		DD559CFD2322815500739E3A /* Model Controller */ = {
			isa = PBXGroup;
			children = (
				DD559CFB232279EE00739E3A /* APIController.swift */,
			);
			path = "Model Controller";
			sourceTree = "<group>";
		};
/* End PBXGroup section */

/* Begin PBXNativeTarget section */
		DD559CDB2322186C00739E3A /* RandomUsers */ = {
			isa = PBXNativeTarget;
			buildConfigurationList = DD559CEE2322186E00739E3A /* Build configuration list for PBXNativeTarget "RandomUsers" */;
			buildPhases = (
				DD559CD82322186C00739E3A /* Sources */,
				DD559CD92322186C00739E3A /* Frameworks */,
				DD559CDA2322186C00739E3A /* Resources */,
			);
			buildRules = (
			);
			dependencies = (
			);
			name = RandomUsers;
			productName = RandomUsers;
			productReference = DD559CDC2322186C00739E3A /* RandomUsers.app */;
			productType = "com.apple.product-type.application";
		};
/* End PBXNativeTarget section */

/* Begin PBXProject section */
		DD559CD42322186C00739E3A /* Project object */ = {
			isa = PBXProject;
			attributes = {
				LastSwiftUpdateCheck = 1030;
				LastUpgradeCheck = 1030;
				ORGANIZATIONNAME = "Lamdba School";
				TargetAttributes = {
					DD559CDB2322186C00739E3A = {
						CreatedOnToolsVersion = 10.3;
					};
				};
			};
			buildConfigurationList = DD559CD72322186C00739E3A /* Build configuration list for PBXProject "RandomUsers" */;
			compatibilityVersion = "Xcode 9.3";
			developmentRegion = en;
			hasScannedForEncodings = 0;
			knownRegions = (
				en,
				Base,
			);
			mainGroup = DD559CD32322186C00739E3A;
			productRefGroup = DD559CDD2322186C00739E3A /* Products */;
			projectDirPath = "";
			projectRoot = "";
			targets = (
				DD559CDB2322186C00739E3A /* RandomUsers */,
			);
		};
/* End PBXProject section */

/* Begin PBXResourcesBuildPhase section */
		DD559CDA2322186C00739E3A /* Resources */ = {
			isa = PBXResourcesBuildPhase;
			buildActionMask = 2147483647;
			files = (
				DD559CEA2322186E00739E3A /* LaunchScreen.storyboard in Resources */,
				DD559CE72322186E00739E3A /* Assets.xcassets in Resources */,
				DD559CE52322186C00739E3A /* Main.storyboard in Resources */,
			);
			runOnlyForDeploymentPostprocessing = 0;
		};
/* End PBXResourcesBuildPhase section */

/* Begin PBXSourcesBuildPhase section */
		DD559CD82322186C00739E3A /* Sources */ = {
			isa = PBXSourcesBuildPhase;
			buildActionMask = 2147483647;
			files = (
				DD559CE02322186C00739E3A /* AppDelegate.swift in Sources */,
				DD559CF623221B8200739E3A /* UserDetailViewController.swift in Sources */,
				DD559CF92322338700739E3A /* User.swift in Sources */,
				DD559CF423221B6B00739E3A /* UsersTableViewController.swift in Sources */,
				DD559CFC232279EE00739E3A /* APIController.swift in Sources */,
			);
			runOnlyForDeploymentPostprocessing = 0;
		};
/* End PBXSourcesBuildPhase section */

/* Begin PBXVariantGroup section */
		DD559CE32322186C00739E3A /* Main.storyboard */ = {
			isa = PBXVariantGroup;
			children = (
				DD559CE42322186C00739E3A /* Base */,
			);
			name = Main.storyboard;
			sourceTree = "<group>";
		};
		DD559CE82322186E00739E3A /* LaunchScreen.storyboard */ = {
			isa = PBXVariantGroup;
			children = (
				DD559CE92322186E00739E3A /* Base */,
			);
			name = LaunchScreen.storyboard;
			sourceTree = "<group>";
		};
/* End PBXVariantGroup section */

/* Begin XCBuildConfiguration section */
		DD559CEC2322186E00739E3A /* Debug */ = {
			isa = XCBuildConfiguration;
			buildSettings = {
				ALWAYS_SEARCH_USER_PATHS = NO;
				CLANG_ANALYZER_NONNULL = YES;
				CLANG_ANALYZER_NUMBER_OBJECT_CONVERSION = YES_AGGRESSIVE;
				CLANG_CXX_LANGUAGE_STANDARD = "gnu++14";
				CLANG_CXX_LIBRARY = "libc++";
				CLANG_ENABLE_MODULES = YES;
				CLANG_ENABLE_OBJC_ARC = YES;
				CLANG_ENABLE_OBJC_WEAK = YES;
				CLANG_WARN_BLOCK_CAPTURE_AUTORELEASING = YES;
				CLANG_WARN_BOOL_CONVERSION = YES;
				CLANG_WARN_COMMA = YES;
				CLANG_WARN_CONSTANT_CONVERSION = YES;
				CLANG_WARN_DEPRECATED_OBJC_IMPLEMENTATIONS = YES;
				CLANG_WARN_DIRECT_OBJC_ISA_USAGE = YES_ERROR;
				CLANG_WARN_DOCUMENTATION_COMMENTS = YES;
				CLANG_WARN_EMPTY_BODY = YES;
				CLANG_WARN_ENUM_CONVERSION = YES;
				CLANG_WARN_INFINITE_RECURSION = YES;
				CLANG_WARN_INT_CONVERSION = YES;
				CLANG_WARN_NON_LITERAL_NULL_CONVERSION = YES;
				CLANG_WARN_OBJC_IMPLICIT_RETAIN_SELF = YES;
				CLANG_WARN_OBJC_LITERAL_CONVERSION = YES;
				CLANG_WARN_OBJC_ROOT_CLASS = YES_ERROR;
				CLANG_WARN_RANGE_LOOP_ANALYSIS = YES;
				CLANG_WARN_STRICT_PROTOTYPES = YES;
				CLANG_WARN_SUSPICIOUS_MOVE = YES;
				CLANG_WARN_UNGUARDED_AVAILABILITY = YES_AGGRESSIVE;
				CLANG_WARN_UNREACHABLE_CODE = YES;
				CLANG_WARN__DUPLICATE_METHOD_MATCH = YES;
				CODE_SIGN_IDENTITY = "iPhone Developer";
				COPY_PHASE_STRIP = NO;
				DEBUG_INFORMATION_FORMAT = dwarf;
				ENABLE_STRICT_OBJC_MSGSEND = YES;
				ENABLE_TESTABILITY = YES;
				GCC_C_LANGUAGE_STANDARD = gnu11;
				GCC_DYNAMIC_NO_PIC = NO;
				GCC_NO_COMMON_BLOCKS = YES;
				GCC_OPTIMIZATION_LEVEL = 0;
				GCC_PREPROCESSOR_DEFINITIONS = (
					"DEBUG=1",
					"$(inherited)",
				);
				GCC_WARN_64_TO_32_BIT_CONVERSION = YES;
				GCC_WARN_ABOUT_RETURN_TYPE = YES_ERROR;
				GCC_WARN_UNDECLARED_SELECTOR = YES;
				GCC_WARN_UNINITIALIZED_AUTOS = YES_AGGRESSIVE;
				GCC_WARN_UNUSED_FUNCTION = YES;
				GCC_WARN_UNUSED_VARIABLE = YES;
				IPHONEOS_DEPLOYMENT_TARGET = 12.4;
				MTL_ENABLE_DEBUG_INFO = INCLUDE_SOURCE;
				MTL_FAST_MATH = YES;
				ONLY_ACTIVE_ARCH = YES;
				SDKROOT = iphoneos;
				SWIFT_ACTIVE_COMPILATION_CONDITIONS = DEBUG;
				SWIFT_OPTIMIZATION_LEVEL = "-Onone";
			};
			name = Debug;
		};
		DD559CED2322186E00739E3A /* Release */ = {
			isa = XCBuildConfiguration;
			buildSettings = {
				ALWAYS_SEARCH_USER_PATHS = NO;
				CLANG_ANALYZER_NONNULL = YES;
				CLANG_ANALYZER_NUMBER_OBJECT_CONVERSION = YES_AGGRESSIVE;
				CLANG_CXX_LANGUAGE_STANDARD = "gnu++14";
				CLANG_CXX_LIBRARY = "libc++";
				CLANG_ENABLE_MODULES = YES;
				CLANG_ENABLE_OBJC_ARC = YES;
				CLANG_ENABLE_OBJC_WEAK = YES;
				CLANG_WARN_BLOCK_CAPTURE_AUTORELEASING = YES;
				CLANG_WARN_BOOL_CONVERSION = YES;
				CLANG_WARN_COMMA = YES;
				CLANG_WARN_CONSTANT_CONVERSION = YES;
				CLANG_WARN_DEPRECATED_OBJC_IMPLEMENTATIONS = YES;
				CLANG_WARN_DIRECT_OBJC_ISA_USAGE = YES_ERROR;
				CLANG_WARN_DOCUMENTATION_COMMENTS = YES;
				CLANG_WARN_EMPTY_BODY = YES;
				CLANG_WARN_ENUM_CONVERSION = YES;
				CLANG_WARN_INFINITE_RECURSION = YES;
				CLANG_WARN_INT_CONVERSION = YES;
				CLANG_WARN_NON_LITERAL_NULL_CONVERSION = YES;
				CLANG_WARN_OBJC_IMPLICIT_RETAIN_SELF = YES;
				CLANG_WARN_OBJC_LITERAL_CONVERSION = YES;
				CLANG_WARN_OBJC_ROOT_CLASS = YES_ERROR;
				CLANG_WARN_RANGE_LOOP_ANALYSIS = YES;
				CLANG_WARN_STRICT_PROTOTYPES = YES;
				CLANG_WARN_SUSPICIOUS_MOVE = YES;
				CLANG_WARN_UNGUARDED_AVAILABILITY = YES_AGGRESSIVE;
				CLANG_WARN_UNREACHABLE_CODE = YES;
				CLANG_WARN__DUPLICATE_METHOD_MATCH = YES;
				CODE_SIGN_IDENTITY = "iPhone Developer";
				COPY_PHASE_STRIP = NO;
				DEBUG_INFORMATION_FORMAT = "dwarf-with-dsym";
				ENABLE_NS_ASSERTIONS = NO;
				ENABLE_STRICT_OBJC_MSGSEND = YES;
				GCC_C_LANGUAGE_STANDARD = gnu11;
				GCC_NO_COMMON_BLOCKS = YES;
				GCC_WARN_64_TO_32_BIT_CONVERSION = YES;
				GCC_WARN_ABOUT_RETURN_TYPE = YES_ERROR;
				GCC_WARN_UNDECLARED_SELECTOR = YES;
				GCC_WARN_UNINITIALIZED_AUTOS = YES_AGGRESSIVE;
				GCC_WARN_UNUSED_FUNCTION = YES;
				GCC_WARN_UNUSED_VARIABLE = YES;
				IPHONEOS_DEPLOYMENT_TARGET = 12.4;
				MTL_ENABLE_DEBUG_INFO = NO;
				MTL_FAST_MATH = YES;
				SDKROOT = iphoneos;
				SWIFT_COMPILATION_MODE = wholemodule;
				SWIFT_OPTIMIZATION_LEVEL = "-O";
				VALIDATE_PRODUCT = YES;
			};
			name = Release;
		};
		DD559CEF2322186E00739E3A /* Debug */ = {
			isa = XCBuildConfiguration;
			buildSettings = {
				ASSETCATALOG_COMPILER_APPICON_NAME = AppIcon;
				CODE_SIGN_STYLE = Automatic;
				DEVELOPMENT_TEAM = T87Y8KB3R4;
				INFOPLIST_FILE = "$(SRCROOT)/RandomUsers/Resources/Info.plist";
				LD_RUNPATH_SEARCH_PATHS = (
					"$(inherited)",
					"@executable_path/Frameworks",
				);
				PRODUCT_BUNDLE_IDENTIFIER = com.percyNgan.RandomUsers;
				PRODUCT_NAME = "$(TARGET_NAME)";
				SWIFT_VERSION = 5.0;
				TARGETED_DEVICE_FAMILY = "1,2";
			};
			name = Debug;
		};
		DD559CF02322186E00739E3A /* Release */ = {
			isa = XCBuildConfiguration;
			buildSettings = {
				ASSETCATALOG_COMPILER_APPICON_NAME = AppIcon;
				CODE_SIGN_STYLE = Automatic;
				DEVELOPMENT_TEAM = T87Y8KB3R4;
				INFOPLIST_FILE = "$(SRCROOT)/RandomUsers/Resources/Info.plist";
				LD_RUNPATH_SEARCH_PATHS = (
					"$(inherited)",
					"@executable_path/Frameworks",
				);
				PRODUCT_BUNDLE_IDENTIFIER = com.percyNgan.RandomUsers;
				PRODUCT_NAME = "$(TARGET_NAME)";
				SWIFT_VERSION = 5.0;
				TARGETED_DEVICE_FAMILY = "1,2";
			};
			name = Release;
		};
/* End XCBuildConfiguration section */

/* Begin XCConfigurationList section */
		DD559CD72322186C00739E3A /* Build configuration list for PBXProject "RandomUsers" */ = {
			isa = XCConfigurationList;
			buildConfigurations = (
				DD559CEC2322186E00739E3A /* Debug */,
				DD559CED2322186E00739E3A /* Release */,
			);
			defaultConfigurationIsVisible = 0;
			defaultConfigurationName = Release;
		};
		DD559CEE2322186E00739E3A /* Build configuration list for PBXNativeTarget "RandomUsers" */ = {
			isa = XCConfigurationList;
			buildConfigurations = (
				DD559CEF2322186E00739E3A /* Debug */,
				DD559CF02322186E00739E3A /* Release */,
			);
			defaultConfigurationIsVisible = 0;
			defaultConfigurationName = Release;
		};
/* End XCConfigurationList section */
	};
	rootObject = DD559CD42322186C00739E3A /* Project object */;
}
